# THIS IS AN AUTOGENERATED FILE. DO NOT EDIT THIS FILE DIRECTLY.
# yarn lockfile v1


"@fontsource/ubuntu@^4.5.0":
  version "4.5.0"
  resolved "https://registry.yarnpkg.com/@fontsource/ubuntu/-/ubuntu-4.5.0.tgz#13700f2e34b8dead9c935850e5ef26add9e70cc9"
  integrity sha512-PytR+FgXPPK+UNrLNhYucrNXewS9b4YOJpS2oYw4dfJq+5iyG8iV6CfwToy2UOVSOmBSBhCQ6mJa5Z6BqrGqMw==

flexboxgrid@^6.3.1:
  version "6.3.1"
  resolved "https://registry.yarnpkg.com/flexboxgrid/-/flexboxgrid-6.3.1.tgz#e99898afc07b7047722bb81a958a5fba4d4e20fd"
  integrity sha1-6ZiYr8B7cEdyK7galYpfuk1OIP0=

font-awesome@^4.7.0:
  version "4.7.0"
  resolved "https://registry.yarnpkg.com/font-awesome/-/font-awesome-4.7.0.tgz#8fa8cf0411a1a31afd07b06d2902bb9fc815a133"
  integrity sha1-j6jPBBGhoxr9B7BtKQK7n8gVoTM=

normalize.css@^8.0.1:
  version "8.0.1"
  resolved "https://registry.yarnpkg.com/normalize.css/-/normalize.css-8.0.1.tgz#9b98a208738b9cc2634caacbc42d131c97487bf3"
  integrity sha512-qizSNPO93t1YUuUhP22btGOo3chcvDFqFaj2TRybP0DMxkHOCTYwp3n34fel4a31ORXy4m1Xq0Gyqpb5m33qIg==

picnic@^6.5.5:
  version "6.5.5"
  resolved "https://registry.yarnpkg.com/picnic/-/picnic-6.5.5.tgz#0ae3d3d692edec1e1aa4f7a63893221f98827ed7"
  integrity sha512-U23rCxul+6DfSnBbg2etvb2+p0wOpr2FLtpQWvwyEnad7kPdNhZuHGAh6ih2yrm9wG2umj0Os4DpNkLyQAduKA==

pp-is@^1.0.7:
  version "1.0.7"
  resolved "https://registry.yarnpkg.com/pp-is/-/pp-is-1.0.7.tgz#2299ac0e0e2df944c4421572e6d2a98aa8e8e452"
  integrity sha512-JFzzormJBKrgMwkYO/G59jKvCAoNfSPYrHkjN2ObejXpF9QHe17M1r7A3mVYaCbm/hvX6ubx0/x+jWeLaSK4Qw==
